
Microsoft Visual Studio Solution File, Format Version 12.00
# Visual Studio 15
VisualStudioVersion = 15.0.27703.2026
MinimumVisualStudioVersion = 10.0.40219.1
Project("{FAE04EC0-301F-11D3-BF4B-00C04F79EFBC}") = "Lecture14_2_Practice", "Lecture14_2_Practice\Lecture14_2_Practice.csproj", "{BA7D1607-9822-4125-AA01-20D296AAE9A8}"
EndProject
Global
	GlobalSection(SolutionConfigurationPlatforms) = preSolution
		Debug|Any CPU = Debug|Any CPU
		Release|Any CPU = Release|Any CPU
	EndGlobalSection
	GlobalSection(ProjectConfigurationPlatforms) = postSolution
		{BA7D1607-9822-4125-AA01-20D296AAE9A8}.Debug|Any CPU.ActiveCfg = Debug|Any CPU
		{BA7D1607-9822-4125-AA01-20D296AAE9A8}.Debug|Any CPU.Build.0 = Debug|Any CPU
		{BA7D1607-9822-4125-AA01-20D296AAE9A8}.Release|Any CPU.ActiveCfg = Release|Any CPU
		{BA7D1607-9822-4125-AA01-20D296AAE9A8}.Release|Any CPU.Build.0 = Release|Any CPU
	EndGlobalSection
	GlobalSection(SolutionProperties) = preSolution
		HideSolutionNode = FALSE
	EndGlobalSection
	GlobalSection(ExtensibilityGlobals) = postSolution
		SolutionGuid = {A8130EE5-9578-466F-ABDE-6442D66D7ECF}
	EndGlobalSection
EndGlobal
